
Microsoft Visual Studio Solution File, Format Version 12.00
# Visual Studio Version 16
VisualStudioVersion = 16.0.31025.194
MinimumVisualStudioVersion = 10.0.40219.1
Project("{FAE04EC0-301F-11D3-BF4B-00C04F79EFBC}") = "Lab09Gestures.Android", "Lab09Gestures\Lab09Gestures.Android\Lab09Gestures.Android.csproj", "{83E1B88E-48A0-4B18-91FF-0EE4B4ADF08B}"
EndProject
Project("{FAE04EC0-301F-11D3-BF4B-00C04F79EFBC}") = "Lab09Gestures.iOS", "Lab09Gestures\Lab09Gestures.iOS\Lab09Gestures.iOS.csproj", "{0E2CD3B7-297E-4902-B35B-A452D9E1314E}"
EndProject
Project("{FAE04EC0-301F-11D3-BF4B-00C04F79EFBC}") = "Lab09Gestures", "Lab09Gestures\Lab09Gestures\Lab09Gestures.csproj", "{820396AA-FBAA-4FDC-A2B8-5723236A12A9}"
EndProject
Global
	GlobalSection(SolutionConfigurationPlatforms) = preSolution
		Debug|Any CPU = Debug|Any CPU
		Debug|iPhone = Debug|iPhone
		Debug|iPhoneSimulator = Debug|iPhoneSimulator
		Release|Any CPU = Release|Any CPU
		Release|iPhone = Release|iPhone
		Release|iPhoneSimulator = Release|iPhoneSimulator
	EndGlobalSection
	GlobalSection(ProjectConfigurationPlatforms) = postSolution
		{83E1B88E-48A0-4B18-91FF-0EE4B4ADF08B}.Debug|Any CPU.ActiveCfg = Debug|Any CPU
		{83E1B88E-48A0-4B18-91FF-0EE4B4ADF08B}.Debug|Any CPU.Build.0 = Debug|Any CPU
		{83E1B88E-48A0-4B18-91FF-0EE4B4ADF08B}.Debug|Any CPU.Deploy.0 = Debug|Any CPU
		{83E1B88E-48A0-4B18-91FF-0EE4B4ADF08B}.Debug|iPhone.ActiveCfg = Debug|Any CPU
		{83E1B88E-48A0-4B18-91FF-0EE4B4ADF08B}.Debug|iPhone.Build.0 = Debug|Any CPU
		{83E1B88E-48A0-4B18-91FF-0EE4B4ADF08B}.Debug|iPhone.Deploy.0 = Debug|Any CPU
		{83E1B88E-48A0-4B18-91FF-0EE4B4ADF08B}.Debug|iPhoneSimulator.ActiveCfg = Debug|Any CPU
		{83E1B88E-48A0-4B18-91FF-0EE4B4ADF08B}.Debug|iPhoneSimulator.Build.0 = Debug|Any CPU
		{83E1B88E-48A0-4B18-91FF-0EE4B4ADF08B}.Debug|iPhoneSimulator.Deploy.0 = Debug|Any CPU
		{83E1B88E-48A0-4B18-91FF-0EE4B4ADF08B}.Release|Any CPU.ActiveCfg = Release|Any CPU
		{83E1B88E-48A0-4B18-91FF-0EE4B4ADF08B}.Release|Any CPU.Build.0 = Release|Any CPU
		{83E1B88E-48A0-4B18-91FF-0EE4B4ADF08B}.Release|Any CPU.Deploy.0 = Release|Any CPU
		{83E1B88E-48A0-4B18-91FF-0EE4B4ADF08B}.Release|iPhone.ActiveCfg = Release|Any CPU
		{83E1B88E-48A0-4B18-91FF-0EE4B4ADF08B}.Release|iPhone.Build.0 = Release|Any CPU
		{83E1B88E-48A0-4B18-91FF-0EE4B4ADF08B}.Release|iPhone.Deploy.0 = Release|Any CPU
		{83E1B88E-48A0-4B18-91FF-0EE4B4ADF08B}.Release|iPhoneSimulator.ActiveCfg = Release|Any CPU
		{83E1B88E-48A0-4B18-91FF-0EE4B4ADF08B}.Release|iPhoneSimulator.Build.0 = Release|Any CPU
		{83E1B88E-48A0-4B18-91FF-0EE4B4ADF08B}.Release|iPhoneSimulator.Deploy.0 = Release|Any CPU
		{0E2CD3B7-297E-4902-B35B-A452D9E1314E}.Debug|Any CPU.ActiveCfg = Debug|iPhone
		{0E2CD3B7-297E-4902-B35B-A452D9E1314E}.Debug|Any CPU.Build.0 = Debug|iPhone
		{0E2CD3B7-297E-4902-B35B-A452D9E1314E}.Debug|Any CPU.Deploy.0 = Debug|iPhone
		{0E2CD3B7-297E-4902-B35B-A452D9E1314E}.Debug|iPhone.ActiveCfg = Debug|iPhone
		{0E2CD3B7-297E-4902-B35B-A452D9E1314E}.Debug|iPhone.Build.0 = Debug|iPhone
		{0E2CD3B7-297E-4902-B35B-A452D9E1314E}.Debug|iPhone.Deploy.0 = Debug|iPhone
		{0E2CD3B7-297E-4902-B35B-A452D9E1314E}.Debug|iPhoneSimulator.ActiveCfg = Debug|iPhoneSimulator
		{0E2CD3B7-297E-4902-B35B-A452D9E1314E}.Debug|iPhoneSimulator.Build.0 = Debug|iPhoneSimulator
		{0E2CD3B7-297E-4902-B35B-A452D9E1314E}.Debug|iPhoneSimulator.Deploy.0 = Debug|iPhoneSimulator
		{0E2CD3B7-297E-4902-B35B-A452D9E1314E}.Release|Any CPU.ActiveCfg = Release|iPhoneSimulator
		{0E2CD3B7-297E-4902-B35B-A452D9E1314E}.Release|Any CPU.Build.0 = Release|iPhoneSimulator
		{0E2CD3B7-297E-4902-B35B-A452D9E1314E}.Release|Any CPU.Deploy.0 = Release|iPhoneSimulator
		{0E2CD3B7-297E-4902-B35B-A452D9E1314E}.Release|iPhone.ActiveCfg = Release|iPhone
		{0E2CD3B7-297E-4902-B35B-A452D9E1314E}.Release|iPhone.Build.0 = Release|iPhone
		{0E2CD3B7-297E-4902-B35B-A452D9E1314E}.Release|iPhone.Deploy.0 = Release|iPhone
		{0E2CD3B7-297E-4902-B35B-A452D9E1314E}.Release|iPhoneSimulator.ActiveCfg = Release|iPhoneSimulator
		{0E2CD3B7-297E-4902-B35B-A452D9E1314E}.Release|iPhoneSimulator.Build.0 = Release|iPhoneSimulator
		{0E2CD3B7-297E-4902-B35B-A452D9E1314E}.Release|iPhoneSimulator.Deploy.0 = Release|iPhoneSimulator
		{820396AA-FBAA-4FDC-A2B8-5723236A12A9}.Debug|Any CPU.ActiveCfg = Debug|Any CPU
		{820396AA-FBAA-4FDC-A2B8-5723236A12A9}.Debug|Any CPU.Build.0 = Debug|Any CPU
		{820396AA-FBAA-4FDC-A2B8-5723236A12A9}.Debug|Any CPU.Deploy.0 = Debug|Any CPU
		{820396AA-FBAA-4FDC-A2B8-5723236A12A9}.Debug|iPhone.ActiveCfg = Debug|Any CPU
		{820396AA-FBAA-4FDC-A2B8-5723236A12A9}.Debug|iPhone.Build.0 = Debug|Any CPU
		{820396AA-FBAA-4FDC-A2B8-5723236A12A9}.Debug|iPhone.Deploy.0 = Debug|Any CPU
		{820396AA-FBAA-4FDC-A2B8-5723236A12A9}.Debug|iPhoneSimulator.ActiveCfg = Debug|Any CPU
		{820396AA-FBAA-4FDC-A2B8-5723236A12A9}.Debug|iPhoneSimulator.Build.0 = Debug|Any CPU
		{820396AA-FBAA-4FDC-A2B8-5723236A12A9}.Debug|iPhoneSimulator.Deploy.0 = Debug|Any CPU
		{820396AA-FBAA-4FDC-A2B8-5723236A12A9}.Release|Any CPU.ActiveCfg = Release|Any CPU
		{820396AA-FBAA-4FDC-A2B8-5723236A12A9}.Release|Any CPU.Build.0 = Release|Any CPU
		{820396AA-FBAA-4FDC-A2B8-5723236A12A9}.Release|Any CPU.Deploy.0 = Release|Any CPU
		{820396AA-FBAA-4FDC-A2B8-5723236A12A9}.Release|iPhone.ActiveCfg = Release|Any CPU
		{820396AA-FBAA-4FDC-A2B8-5723236A12A9}.Release|iPhone.Build.0 = Release|Any CPU
		{820396AA-FBAA-4FDC-A2B8-5723236A12A9}.Release|iPhone.Deploy.0 = Release|Any CPU
		{820396AA-FBAA-4FDC-A2B8-5723236A12A9}.Release|iPhoneSimulator.ActiveCfg = Release|Any CPU
		{820396AA-FBAA-4FDC-A2B8-5723236A12A9}.Release|iPhoneSimulator.Build.0 = Release|Any CPU
		{820396AA-FBAA-4FDC-A2B8-5723236A12A9}.Release|iPhoneSimulator.Deploy.0 = Release|Any CPU
	EndGlobalSection
	GlobalSection(SolutionProperties) = preSolution
		HideSolutionNode = FALSE
	EndGlobalSection
	GlobalSection(ExtensibilityGlobals) = postSolution
		SolutionGuid = {B4C8BBBE-6C86-460D-9BB6-AD99B38A775C}
	EndGlobalSection
EndGlobal
